
Microsoft Visual Studio Solution File, Format Version 12.00
# Visual Studio Version 17
VisualStudioVersion = 17.5.33530.505
MinimumVisualStudioVersion = 10.0.40219.1
Project("{FAE04EC0-301F-11D3-BF4B-00C04F79EFBC}") = "Nimap_Infotech_Project", "Nimap_Infotech_Project\Nimap_Infotech_Project.csproj", "{97BA633A-E723-420C-B579-D302EF510CC6}"
EndProject
Global
	GlobalSection(SolutionConfigurationPlatforms) = preSolution
		Debug|Any CPU = Debug|Any CPU
		Release|Any CPU = Release|Any CPU
	EndGlobalSection
	GlobalSection(ProjectConfigurationPlatforms) = postSolution
		{97BA633A-E723-420C-B579-D302EF510CC6}.Debug|Any CPU.ActiveCfg = Debug|Any CPU
		{97BA633A-E723-420C-B579-D302EF510CC6}.Debug|Any CPU.Build.0 = Debug|Any CPU
		{97BA633A-E723-420C-B579-D302EF510CC6}.Release|Any CPU.ActiveCfg = Release|Any CPU
		{97BA633A-E723-420C-B579-D302EF510CC6}.Release|Any CPU.Build.0 = Release|Any CPU
	EndGlobalSection
	GlobalSection(SolutionProperties) = preSolution
		HideSolutionNode = FALSE
	EndGlobalSection
	GlobalSection(ExtensibilityGlobals) = postSolution
		SolutionGuid = {82B922A3-A803-4DCB-AF2E-6D2E1DFD9B41}
	EndGlobalSection
EndGlobal
